
Microsoft Visual Studio Solution File, Format Version 12.00
# Visual Studio Version 17
VisualStudioVersion = 17.3.32901.215
MinimumVisualStudioVersion = 10.0.40219.1
Project("{9A19103F-16F7-4668-BE54-9A1E7A4F7556}") = "CliFramework", "CliFramework\CliFramework.csproj", "{884122EC-7A41-426F-ACA9-AC30AFC27D5C}"
EndProject
Project("{9A19103F-16F7-4668-BE54-9A1E7A4F7556}") = "surf", "SurfCore\surf.csproj", "{4545A419-A822-4A93-A2E4-811E99D6D47E}"
EndProject
Global
	GlobalSection(SolutionConfigurationPlatforms) = preSolution
		Debug|Any CPU = Debug|Any CPU
		Release|Any CPU = Release|Any CPU
	EndGlobalSection
	GlobalSection(ProjectConfigurationPlatforms) = postSolution
		{884122EC-7A41-426F-ACA9-AC30AFC27D5C}.Debug|Any CPU.ActiveCfg = Debug|Any CPU
		{884122EC-7A41-426F-ACA9-AC30AFC27D5C}.Debug|Any CPU.Build.0 = Debug|Any CPU
		{884122EC-7A41-426F-ACA9-AC30AFC27D5C}.Release|Any CPU.ActiveCfg = Release|Any CPU
		{884122EC-7A41-426F-ACA9-AC30AFC27D5C}.Release|Any CPU.Build.0 = Release|Any CPU
		{4545A419-A822-4A93-A2E4-811E99D6D47E}.Debug|Any CPU.ActiveCfg = Debug|Any CPU
		{4545A419-A822-4A93-A2E4-811E99D6D47E}.Debug|Any CPU.Build.0 = Debug|Any CPU
		{4545A419-A822-4A93-A2E4-811E99D6D47E}.Release|Any CPU.ActiveCfg = Release|Any CPU
		{4545A419-A822-4A93-A2E4-811E99D6D47E}.Release|Any CPU.Build.0 = Release|Any CPU
	EndGlobalSection
	GlobalSection(SolutionProperties) = preSolution
		HideSolutionNode = FALSE
	EndGlobalSection
	GlobalSection(ExtensibilityGlobals) = postSolution
		SolutionGuid = {08068303-9422-47CD-A29D-2FCB3F110C1B}
	EndGlobalSection
EndGlobal
